
Microsoft Visual Studio Solution File, Format Version 12.00
# Visual Studio Version 17
VisualStudioVersion = 17.0.31903.59
MinimumVisualStudioVersion = 10.0.40219.1
Project("{2150E333-8FDC-42A3-9474-1A3956D46DE8}") = "src", "src", "{827E0CD3-B72D-47B6-A68D-7590B98EB39B}"
EndProject
Project("{FAE04EC0-301F-11D3-BF4B-00C04F79EFBC}") = "Sample", "src\Sample\Sample.csproj", "{EA4D71CC-C5A9-4BD5-9D2B-76421B3A9BFD}"
EndProject
Project("{2150E333-8FDC-42A3-9474-1A3956D46DE8}") = "tests", "tests", "{0AB3BF05-4346-4AA6-1389-037BE0695223}"
EndProject
Project("{FAE04EC0-301F-11D3-BF4B-00C04F79EFBC}") = "Sample.Tests", "tests\Sample.Tests\Sample.Tests.csproj", "{4051F110-7848-4775-8927-4D2C55AE48AB}"
EndProject
Global
	GlobalSection(SolutionConfigurationPlatforms) = preSolution
		Debug|Any CPU = Debug|Any CPU
		Debug|x64 = Debug|x64
		Debug|x86 = Debug|x86
		Release|Any CPU = Release|Any CPU
		Release|x64 = Release|x64
		Release|x86 = Release|x86
	EndGlobalSection
	GlobalSection(ProjectConfigurationPlatforms) = postSolution
		{EA4D71CC-C5A9-4BD5-9D2B-76421B3A9BFD}.Debug|Any CPU.ActiveCfg = Debug|Any CPU
		{EA4D71CC-C5A9-4BD5-9D2B-76421B3A9BFD}.Debug|Any CPU.Build.0 = Debug|Any CPU
		{EA4D71CC-C5A9-4BD5-9D2B-76421B3A9BFD}.Debug|x64.ActiveCfg = Debug|Any CPU
		{EA4D71CC-C5A9-4BD5-9D2B-76421B3A9BFD}.Debug|x64.Build.0 = Debug|Any CPU
		{EA4D71CC-C5A9-4BD5-9D2B-76421B3A9BFD}.Debug|x86.ActiveCfg = Debug|Any CPU
		{EA4D71CC-C5A9-4BD5-9D2B-76421B3A9BFD}.Debug|x86.Build.0 = Debug|Any CPU
		{EA4D71CC-C5A9-4BD5-9D2B-76421B3A9BFD}.Release|Any CPU.ActiveCfg = Release|Any CPU
		{EA4D71CC-C5A9-4BD5-9D2B-76421B3A9BFD}.Release|Any CPU.Build.0 = Release|Any CPU
		{EA4D71CC-C5A9-4BD5-9D2B-76421B3A9BFD}.Release|x64.ActiveCfg = Release|Any CPU
		{EA4D71CC-C5A9-4BD5-9D2B-76421B3A9BFD}.Release|x64.Build.0 = Release|Any CPU
		{EA4D71CC-C5A9-4BD5-9D2B-76421B3A9BFD}.Release|x86.ActiveCfg = Release|Any CPU
		{EA4D71CC-C5A9-4BD5-9D2B-76421B3A9BFD}.Release|x86.Build.0 = Release|Any CPU
		{4051F110-7848-4775-8927-4D2C55AE48AB}.Debug|Any CPU.ActiveCfg = Debug|Any CPU
		{4051F110-7848-4775-8927-4D2C55AE48AB}.Debug|Any CPU.Build.0 = Debug|Any CPU
		{4051F110-7848-4775-8927-4D2C55AE48AB}.Debug|x64.ActiveCfg = Debug|Any CPU
		{4051F110-7848-4775-8927-4D2C55AE48AB}.Debug|x64.Build.0 = Debug|Any CPU
		{4051F110-7848-4775-8927-4D2C55AE48AB}.Debug|x86.ActiveCfg = Debug|Any CPU
		{4051F110-7848-4775-8927-4D2C55AE48AB}.Debug|x86.Build.0 = Debug|Any CPU
		{4051F110-7848-4775-8927-4D2C55AE48AB}.Release|Any CPU.ActiveCfg = Release|Any CPU
		{4051F110-7848-4775-8927-4D2C55AE48AB}.Release|Any CPU.Build.0 = Release|Any CPU
		{4051F110-7848-4775-8927-4D2C55AE48AB}.Release|x64.ActiveCfg = Release|Any CPU
		{4051F110-7848-4775-8927-4D2C55AE48AB}.Release|x64.Build.0 = Release|Any CPU
		{4051F110-7848-4775-8927-4D2C55AE48AB}.Release|x86.ActiveCfg = Release|Any CPU
		{4051F110-7848-4775-8927-4D2C55AE48AB}.Release|x86.Build.0 = Release|Any CPU
	EndGlobalSection
	GlobalSection(SolutionProperties) = preSolution
		HideSolutionNode = FALSE
	EndGlobalSection
	GlobalSection(NestedProjects) = preSolution
		{EA4D71CC-C5A9-4BD5-9D2B-76421B3A9BFD} = {827E0CD3-B72D-47B6-A68D-7590B98EB39B}
		{4051F110-7848-4775-8927-4D2C55AE48AB} = {0AB3BF05-4346-4AA6-1389-037BE0695223}
	EndGlobalSection
EndGlobal
